
Microsoft Visual Studio Solution File, Format Version 12.00
# Visual Studio Version 16
VisualStudioVersion = 16.0.29613.14
MinimumVisualStudioVersion = 10.0.40219.1
Project("{9A19103F-16F7-4668-BE54-9A1E7A4F7556}") = "WebAutomationSystem", "WebAutomationSystem\WebAutomationSystem.csproj", "{F8723C3D-4B25-4ED8-8A8D-2D9C8922F0CF}"
	ProjectSection(ProjectDependencies) = postProject
		{8B62A70D-5618-42C6-BC70-AEECB2CF6E4B} = {8B62A70D-5618-42C6-BC70-AEECB2CF6E4B}
		{BD4A00C5-FB8A-470A-B456-28CFE0911CE8} = {BD4A00C5-FB8A-470A-B456-28CFE0911CE8}
	EndProjectSection
EndProject
Project("{9A19103F-16F7-4668-BE54-9A1E7A4F7556}") = "WebAutomationSystem.DataModelLayer", "WebAutomationSystem.DataModelLayer\WebAutomationSystem.DataModelLayer.csproj", "{BD4A00C5-FB8A-470A-B456-28CFE0911CE8}"
EndProject
Project("{9A19103F-16F7-4668-BE54-9A1E7A4F7556}") = "WebAutomationSystem.CommonLayer", "WebAutomationsystem.CommonLayer\WebAutomationSystem.CommonLayer.csproj", "{8B62A70D-5618-42C6-BC70-AEECB2CF6E4B}"
EndProject
Global
	GlobalSection(SolutionConfigurationPlatforms) = preSolution
		Debug|Any CPU = Debug|Any CPU
		Release|Any CPU = Release|Any CPU
	EndGlobalSection
	GlobalSection(ProjectConfigurationPlatforms) = postSolution
		{F8723C3D-4B25-4ED8-8A8D-2D9C8922F0CF}.Debug|Any CPU.ActiveCfg = Debug|Any CPU
		{F8723C3D-4B25-4ED8-8A8D-2D9C8922F0CF}.Debug|Any CPU.Build.0 = Debug|Any CPU
		{F8723C3D-4B25-4ED8-8A8D-2D9C8922F0CF}.Release|Any CPU.ActiveCfg = Release|Any CPU
		{F8723C3D-4B25-4ED8-8A8D-2D9C8922F0CF}.Release|Any CPU.Build.0 = Release|Any CPU
		{BD4A00C5-FB8A-470A-B456-28CFE0911CE8}.Debug|Any CPU.ActiveCfg = Debug|Any CPU
		{BD4A00C5-FB8A-470A-B456-28CFE0911CE8}.Debug|Any CPU.Build.0 = Debug|Any CPU
		{BD4A00C5-FB8A-470A-B456-28CFE0911CE8}.Release|Any CPU.ActiveCfg = Release|Any CPU
		{BD4A00C5-FB8A-470A-B456-28CFE0911CE8}.Release|Any CPU.Build.0 = Release|Any CPU
		{8B62A70D-5618-42C6-BC70-AEECB2CF6E4B}.Debug|Any CPU.ActiveCfg = Debug|Any CPU
		{8B62A70D-5618-42C6-BC70-AEECB2CF6E4B}.Debug|Any CPU.Build.0 = Debug|Any CPU
		{8B62A70D-5618-42C6-BC70-AEECB2CF6E4B}.Release|Any CPU.ActiveCfg = Release|Any CPU
		{8B62A70D-5618-42C6-BC70-AEECB2CF6E4B}.Release|Any CPU.Build.0 = Release|Any CPU
	EndGlobalSection
	GlobalSection(SolutionProperties) = preSolution
		HideSolutionNode = FALSE
	EndGlobalSection
	GlobalSection(ExtensibilityGlobals) = postSolution
		SolutionGuid = {03268082-FE2F-47D8-A1ED-0CAEB45FEBA9}
	EndGlobalSection
EndGlobal
